{
  "name": "ncbi-mcp",
  "version": "1.0.12",
  "lockfileVersion": 3,
  "requires": true,
  "packages": {
    "": {
      "name": "ncbi-mcp",
      "version": "1.0.12",
      "hasInstallScript": true,
      "license": "Apache-2.0",
      "dependencies": {
        "ncbi-mcp": "^1.0.12"
      },
      "bin": {
        "ncbi-mcp": "bin/ncbi-mcp.js"
      },
      "devDependencies": {
        "dotenv": "^16.5.0"
      },
      "engines": {
        "node": ">=14.0.0"
      }
    },
    "node_modules/dotenv": {
      "version": "16.5.0",
      "resolved": "https://registry.npmjs.org/dotenv/-/dotenv-16.5.0.tgz",
      "integrity": "sha512-m/C+AwOAr9/W1UOIZUo232ejMNnJAJtYQjUbHoNTBNTJSvqzzDh7vnrei3o3r3m9blf6ZoDkvcw0VmozNRFJxg==",
      "dev": true,
      "license": "BSD-2-Clause",
      "engines": {
        "node": ">=12"
      },
      "funding": {
        "url": "https://dotenvx.com"
      }
    },
    "node_modules/ncbi-mcp": {
      "version": "1.0.12",
      "resolved": "https://registry.npmjs.org/ncbi-mcp/-/ncbi-mcp-1.0.12.tgz",
      "integrity": "sha512-WB4oJYhwdJVZGUtWOm4n/IwS+EnQjE5RpRhAhfU+PtQCpQHKCtayKgMTbyVu9EI+isfqHnXRxRn5rDgO6CQ25w==",
      "hasInstallScript": true,
      "license": "Apache-2.0",
      "dependencies": {
        "ncbi-mcp": "^1.0.12"
      },
      "bin": {
        "ncbi-mcp": "bin/ncbi-mcp.js"
      },
      "engines": {
        "node": ">=14.0.0"
      }
    }
  }
}
